
Microsoft Visual Studio Solution File, Format Version 12.00
# Visual Studio 2012
Project("{FAE04EC0-301F-11D3-BF4B-00C04F79EFBC}") = "CalendoUnitTests", "CalendoUnitTests.csproj", "{3D7B0867-A919-4949-AEC1-2D968D7D1476}"
EndProject
Project("{FAE04EC0-301F-11D3-BF4B-00C04F79EFBC}") = "Calendo", "..\Calendo\Calendo.csproj", "{3DE53BC9-2CAA-422B-B8C6-E27E524447C1}"
EndProject
Global
	GlobalSection(SolutionConfigurationPlatforms) = preSolution
		Debug|Any CPU = Debug|Any CPU
		Release|Any CPU = Release|Any CPU
	EndGlobalSection
	GlobalSection(ProjectConfigurationPlatforms) = postSolution
		{3D7B0867-A919-4949-AEC1-2D968D7D1476}.Debug|Any CPU.ActiveCfg = Debug|Any CPU
		{3D7B0867-A919-4949-AEC1-2D968D7D1476}.Debug|Any CPU.Build.0 = Debug|Any CPU
		{3D7B0867-A919-4949-AEC1-2D968D7D1476}.Release|Any CPU.ActiveCfg = Release|Any CPU
		{3D7B0867-A919-4949-AEC1-2D968D7D1476}.Release|Any CPU.Build.0 = Release|Any CPU
		{3DE53BC9-2CAA-422B-B8C6-E27E524447C1}.Debug|Any CPU.ActiveCfg = Debug|Any CPU
		{3DE53BC9-2CAA-422B-B8C6-E27E524447C1}.Debug|Any CPU.Build.0 = Debug|Any CPU
		{3DE53BC9-2CAA-422B-B8C6-E27E524447C1}.Debug|Any CPU.Deploy.0 = Debug|Any CPU
		{3DE53BC9-2CAA-422B-B8C6-E27E524447C1}.Release|Any CPU.ActiveCfg = Release|Any CPU
		{3DE53BC9-2CAA-422B-B8C6-E27E524447C1}.Release|Any CPU.Build.0 = Release|Any CPU
	EndGlobalSection
	GlobalSection(SolutionProperties) = preSolution
		HideSolutionNode = FALSE
	EndGlobalSection
EndGlobal
